
Microsoft Visual Studio Solution File, Format Version 12.00
# Visual Studio Version 17
VisualStudioVersion = 17.0.32126.317
MinimumVisualStudioVersion = 10.0.40219.1
Project("{FAE04EC0-301F-11D3-BF4B-00C04F79EFBC}") = "VSystem", "VSystem\VSystem.csproj", "{89747BAC-33F7-4CD5-9FFB-DE5998884361}"
EndProject
Global
	GlobalSection(SolutionConfigurationPlatforms) = preSolution
		Debug|Any CPU = Debug|Any CPU
		Release|Any CPU = Release|Any CPU
	EndGlobalSection
	GlobalSection(ProjectConfigurationPlatforms) = postSolution
		{89747BAC-33F7-4CD5-9FFB-DE5998884361}.Debug|Any CPU.ActiveCfg = Debug|Any CPU
		{89747BAC-33F7-4CD5-9FFB-DE5998884361}.Debug|Any CPU.Build.0 = Debug|Any CPU
		{89747BAC-33F7-4CD5-9FFB-DE5998884361}.Release|Any CPU.ActiveCfg = Release|Any CPU
		{89747BAC-33F7-4CD5-9FFB-DE5998884361}.Release|Any CPU.Build.0 = Release|Any CPU
	EndGlobalSection
	GlobalSection(SolutionProperties) = preSolution
		HideSolutionNode = FALSE
	EndGlobalSection
	GlobalSection(ExtensibilityGlobals) = postSolution
		SolutionGuid = {50E18E60-1445-48D9-B093-F572E7082A52}
	EndGlobalSection
EndGlobal
